
Microsoft Visual Studio Solution File, Format Version 12.00
# Visual Studio 15
VisualStudioVersion = 15.0.28307.421
MinimumVisualStudioVersion = 10.0.40219.1
Project("{FAE04EC0-301F-11D3-BF4B-00C04F79EFBC}") = "CityMapUWP", "CityMapUWP\CityMapUWP.csproj", "{9FF7849C-0C16-4D91-8B51-0D3AC776126C}"
EndProject
Project("{FAE04EC0-301F-11D3-BF4B-00C04F79EFBC}") = "CityMapUWP.Models", "CityMapUWP.Models\CityMapUWP.Models.csproj", "{B8A9152D-D3C1-4AAC-8474-50D509634D28}"
EndProject
Project("{FAE04EC0-301F-11D3-BF4B-00C04F79EFBC}") = "CityMapUWP.Services", "CityMapUWP.Services\CityMapUWP.Services.csproj", "{0643F5AB-55B9-45CB-82BE-A147575A7E09}"
EndProject
Project("{FAE04EC0-301F-11D3-BF4B-00C04F79EFBC}") = "CityMapUWP.Infrastructure", "CityMapUWP.Infrastructure\CityMapUWP.Infrastructure.csproj", "{156D6358-FD8F-434E-8D0C-9954D6192A8C}"
EndProject
Global
	GlobalSection(SolutionConfigurationPlatforms) = preSolution
		Debug|Any CPU = Debug|Any CPU
		Debug|ARM = Debug|ARM
		Debug|ARM64 = Debug|ARM64
		Debug|x64 = Debug|x64
		Debug|x86 = Debug|x86
		Release|Any CPU = Release|Any CPU
		Release|ARM = Release|ARM
		Release|ARM64 = Release|ARM64
		Release|x64 = Release|x64
		Release|x86 = Release|x86
	EndGlobalSection
	GlobalSection(ProjectConfigurationPlatforms) = postSolution
		{9FF7849C-0C16-4D91-8B51-0D3AC776126C}.Debug|Any CPU.ActiveCfg = Debug|x86
		{9FF7849C-0C16-4D91-8B51-0D3AC776126C}.Debug|ARM.ActiveCfg = Debug|ARM
		{9FF7849C-0C16-4D91-8B51-0D3AC776126C}.Debug|ARM.Build.0 = Debug|ARM
		{9FF7849C-0C16-4D91-8B51-0D3AC776126C}.Debug|ARM.Deploy.0 = Debug|ARM
		{9FF7849C-0C16-4D91-8B51-0D3AC776126C}.Debug|ARM64.ActiveCfg = Debug|ARM64
		{9FF7849C-0C16-4D91-8B51-0D3AC776126C}.Debug|ARM64.Build.0 = Debug|ARM64
		{9FF7849C-0C16-4D91-8B51-0D3AC776126C}.Debug|ARM64.Deploy.0 = Debug|ARM64
		{9FF7849C-0C16-4D91-8B51-0D3AC776126C}.Debug|x64.ActiveCfg = Debug|x64
		{9FF7849C-0C16-4D91-8B51-0D3AC776126C}.Debug|x64.Build.0 = Debug|x64
		{9FF7849C-0C16-4D91-8B51-0D3AC776126C}.Debug|x64.Deploy.0 = Debug|x64
		{9FF7849C-0C16-4D91-8B51-0D3AC776126C}.Debug|x86.ActiveCfg = Debug|x86
		{9FF7849C-0C16-4D91-8B51-0D3AC776126C}.Debug|x86.Build.0 = Debug|x86
		{9FF7849C-0C16-4D91-8B51-0D3AC776126C}.Debug|x86.Deploy.0 = Debug|x86
		{9FF7849C-0C16-4D91-8B51-0D3AC776126C}.Release|Any CPU.ActiveCfg = Release|x86
		{9FF7849C-0C16-4D91-8B51-0D3AC776126C}.Release|ARM.ActiveCfg = Release|ARM
		{9FF7849C-0C16-4D91-8B51-0D3AC776126C}.Release|ARM.Build.0 = Release|ARM
		{9FF7849C-0C16-4D91-8B51-0D3AC776126C}.Release|ARM.Deploy.0 = Release|ARM
		{9FF7849C-0C16-4D91-8B51-0D3AC776126C}.Release|ARM64.ActiveCfg = Release|ARM64
		{9FF7849C-0C16-4D91-8B51-0D3AC776126C}.Release|ARM64.Build.0 = Release|ARM64
		{9FF7849C-0C16-4D91-8B51-0D3AC776126C}.Release|ARM64.Deploy.0 = Release|ARM64
		{9FF7849C-0C16-4D91-8B51-0D3AC776126C}.Release|x64.ActiveCfg = Release|x64
		{9FF7849C-0C16-4D91-8B51-0D3AC776126C}.Release|x64.Build.0 = Release|x64
		{9FF7849C-0C16-4D91-8B51-0D3AC776126C}.Release|x64.Deploy.0 = Release|x64
		{9FF7849C-0C16-4D91-8B51-0D3AC776126C}.Release|x86.ActiveCfg = Release|x86
		{9FF7849C-0C16-4D91-8B51-0D3AC776126C}.Release|x86.Build.0 = Release|x86
		{9FF7849C-0C16-4D91-8B51-0D3AC776126C}.Release|x86.Deploy.0 = Release|x86
		{B8A9152D-D3C1-4AAC-8474-50D509634D28}.Debug|Any CPU.ActiveCfg = Debug|Any CPU
		{B8A9152D-D3C1-4AAC-8474-50D509634D28}.Debug|Any CPU.Build.0 = Debug|Any CPU
		{B8A9152D-D3C1-4AAC-8474-50D509634D28}.Debug|ARM.ActiveCfg = Debug|ARM
		{B8A9152D-D3C1-4AAC-8474-50D509634D28}.Debug|ARM.Build.0 = Debug|ARM
		{B8A9152D-D3C1-4AAC-8474-50D509634D28}.Debug|ARM64.ActiveCfg = Debug|ARM64
		{B8A9152D-D3C1-4AAC-8474-50D509634D28}.Debug|ARM64.Build.0 = Debug|ARM64
		{B8A9152D-D3C1-4AAC-8474-50D509634D28}.Debug|x64.ActiveCfg = Debug|x64
		{B8A9152D-D3C1-4AAC-8474-50D509634D28}.Debug|x64.Build.0 = Debug|x64
		{B8A9152D-D3C1-4AAC-8474-50D509634D28}.Debug|x86.ActiveCfg = Debug|x86
		{B8A9152D-D3C1-4AAC-8474-50D509634D28}.Debug|x86.Build.0 = Debug|x86
		{B8A9152D-D3C1-4AAC-8474-50D509634D28}.Release|Any CPU.ActiveCfg = Release|Any CPU
		{B8A9152D-D3C1-4AAC-8474-50D509634D28}.Release|Any CPU.Build.0 = Release|Any CPU
		{B8A9152D-D3C1-4AAC-8474-50D509634D28}.Release|ARM.ActiveCfg = Release|ARM
		{B8A9152D-D3C1-4AAC-8474-50D509634D28}.Release|ARM.Build.0 = Release|ARM
		{B8A9152D-D3C1-4AAC-8474-50D509634D28}.Release|ARM64.ActiveCfg = Release|ARM64
		{B8A9152D-D3C1-4AAC-8474-50D509634D28}.Release|ARM64.Build.0 = Release|ARM64
		{B8A9152D-D3C1-4AAC-8474-50D509634D28}.Release|x64.ActiveCfg = Release|x64
		{B8A9152D-D3C1-4AAC-8474-50D509634D28}.Release|x64.Build.0 = Release|x64
		{B8A9152D-D3C1-4AAC-8474-50D509634D28}.Release|x86.ActiveCfg = Release|x86
		{B8A9152D-D3C1-4AAC-8474-50D509634D28}.Release|x86.Build.0 = Release|x86
		{0643F5AB-55B9-45CB-82BE-A147575A7E09}.Debug|Any CPU.ActiveCfg = Debug|Any CPU
		{0643F5AB-55B9-45CB-82BE-A147575A7E09}.Debug|Any CPU.Build.0 = Debug|Any CPU
		{0643F5AB-55B9-45CB-82BE-A147575A7E09}.Debug|ARM.ActiveCfg = Debug|ARM
		{0643F5AB-55B9-45CB-82BE-A147575A7E09}.Debug|ARM.Build.0 = Debug|ARM
		{0643F5AB-55B9-45CB-82BE-A147575A7E09}.Debug|ARM64.ActiveCfg = Debug|ARM64
		{0643F5AB-55B9-45CB-82BE-A147575A7E09}.Debug|ARM64.Build.0 = Debug|ARM64
		{0643F5AB-55B9-45CB-82BE-A147575A7E09}.Debug|x64.ActiveCfg = Debug|x64
		{0643F5AB-55B9-45CB-82BE-A147575A7E09}.Debug|x64.Build.0 = Debug|x64
		{0643F5AB-55B9-45CB-82BE-A147575A7E09}.Debug|x86.ActiveCfg = Debug|x86
		{0643F5AB-55B9-45CB-82BE-A147575A7E09}.Debug|x86.Build.0 = Debug|x86
		{0643F5AB-55B9-45CB-82BE-A147575A7E09}.Release|Any CPU.ActiveCfg = Release|Any CPU
		{0643F5AB-55B9-45CB-82BE-A147575A7E09}.Release|Any CPU.Build.0 = Release|Any CPU
		{0643F5AB-55B9-45CB-82BE-A147575A7E09}.Release|ARM.ActiveCfg = Release|ARM
		{0643F5AB-55B9-45CB-82BE-A147575A7E09}.Release|ARM.Build.0 = Release|ARM
		{0643F5AB-55B9-45CB-82BE-A147575A7E09}.Release|ARM64.ActiveCfg = Release|ARM64
		{0643F5AB-55B9-45CB-82BE-A147575A7E09}.Release|ARM64.Build.0 = Release|ARM64
		{0643F5AB-55B9-45CB-82BE-A147575A7E09}.Release|x64.ActiveCfg = Release|x64
		{0643F5AB-55B9-45CB-82BE-A147575A7E09}.Release|x64.Build.0 = Release|x64
		{0643F5AB-55B9-45CB-82BE-A147575A7E09}.Release|x86.ActiveCfg = Release|x86
		{0643F5AB-55B9-45CB-82BE-A147575A7E09}.Release|x86.Build.0 = Release|x86
		{156D6358-FD8F-434E-8D0C-9954D6192A8C}.Debug|Any CPU.ActiveCfg = Debug|Any CPU
		{156D6358-FD8F-434E-8D0C-9954D6192A8C}.Debug|Any CPU.Build.0 = Debug|Any CPU
		{156D6358-FD8F-434E-8D0C-9954D6192A8C}.Debug|ARM.ActiveCfg = Debug|ARM
		{156D6358-FD8F-434E-8D0C-9954D6192A8C}.Debug|ARM.Build.0 = Debug|ARM
		{156D6358-FD8F-434E-8D0C-9954D6192A8C}.Debug|ARM64.ActiveCfg = Debug|ARM64
		{156D6358-FD8F-434E-8D0C-9954D6192A8C}.Debug|ARM64.Build.0 = Debug|ARM64
		{156D6358-FD8F-434E-8D0C-9954D6192A8C}.Debug|x64.ActiveCfg = Debug|x64
		{156D6358-FD8F-434E-8D0C-9954D6192A8C}.Debug|x64.Build.0 = Debug|x64
		{156D6358-FD8F-434E-8D0C-9954D6192A8C}.Debug|x86.ActiveCfg = Debug|x86
		{156D6358-FD8F-434E-8D0C-9954D6192A8C}.Debug|x86.Build.0 = Debug|x86
		{156D6358-FD8F-434E-8D0C-9954D6192A8C}.Release|Any CPU.ActiveCfg = Release|Any CPU
		{156D6358-FD8F-434E-8D0C-9954D6192A8C}.Release|Any CPU.Build.0 = Release|Any CPU
		{156D6358-FD8F-434E-8D0C-9954D6192A8C}.Release|ARM.ActiveCfg = Release|ARM
		{156D6358-FD8F-434E-8D0C-9954D6192A8C}.Release|ARM.Build.0 = Release|ARM
		{156D6358-FD8F-434E-8D0C-9954D6192A8C}.Release|ARM64.ActiveCfg = Release|ARM64
		{156D6358-FD8F-434E-8D0C-9954D6192A8C}.Release|ARM64.Build.0 = Release|ARM64
		{156D6358-FD8F-434E-8D0C-9954D6192A8C}.Release|x64.ActiveCfg = Release|x64
		{156D6358-FD8F-434E-8D0C-9954D6192A8C}.Release|x64.Build.0 = Release|x64
		{156D6358-FD8F-434E-8D0C-9954D6192A8C}.Release|x86.ActiveCfg = Release|x86
		{156D6358-FD8F-434E-8D0C-9954D6192A8C}.Release|x86.Build.0 = Release|x86
	EndGlobalSection
	GlobalSection(SolutionProperties) = preSolution
		HideSolutionNode = FALSE
	EndGlobalSection
	GlobalSection(ExtensibilityGlobals) = postSolution
		SolutionGuid = {BCCAF4F7-EB6F-4990-870C-B4C0F4470C18}
	EndGlobalSection
EndGlobal
