
Microsoft Visual Studio Solution File, Format Version 12.00
# Visual Studio 15
VisualStudioVersion = 15.0.28307.421
MinimumVisualStudioVersion = 10.0.40219.1
Project("{FAE04EC0-301F-11D3-BF4B-00C04F79EFBC}") = "CityMapUWP", "CityMapUWP\CityMapUWP.csproj", "{9FF7849C-0C16-4D91-8B51-0D3AC776126C}"
EndProject
Project("{9A19103F-16F7-4668-BE54-9A1E7A4F7556}") = "CityMapUWP.Models", "CityMapUWP.Models\CityMapUWP.Models.csproj", "{5C8009AD-8304-4989-84B3-4E0B2EA5FB73}"
EndProject
Project("{FAE04EC0-301F-11D3-BF4B-00C04F79EFBC}") = "CityMapUWP.Services", "CityMapUWP.Services\CityMapUWP.Services.csproj", "{6B95A3E0-ADE8-44D3-A194-89B3C00CD8AD}"
EndProject
Project("{FAE04EC0-301F-11D3-BF4B-00C04F79EFBC}") = "Infrastructure", "Infrastructure\Infrastructure.csproj", "{949CE688-81E5-4819-987A-56CDF8B4FE86}"
EndProject
Global
	GlobalSection(SolutionConfigurationPlatforms) = preSolution
		Debug|Any CPU = Debug|Any CPU
		Debug|ARM = Debug|ARM
		Debug|ARM64 = Debug|ARM64
		Debug|x64 = Debug|x64
		Debug|x86 = Debug|x86
		Release|Any CPU = Release|Any CPU
		Release|ARM = Release|ARM
		Release|ARM64 = Release|ARM64
		Release|x64 = Release|x64
		Release|x86 = Release|x86
	EndGlobalSection
	GlobalSection(ProjectConfigurationPlatforms) = postSolution
		{9FF7849C-0C16-4D91-8B51-0D3AC776126C}.Debug|Any CPU.ActiveCfg = Debug|x86
		{9FF7849C-0C16-4D91-8B51-0D3AC776126C}.Debug|ARM.ActiveCfg = Debug|ARM
		{9FF7849C-0C16-4D91-8B51-0D3AC776126C}.Debug|ARM.Build.0 = Debug|ARM
		{9FF7849C-0C16-4D91-8B51-0D3AC776126C}.Debug|ARM.Deploy.0 = Debug|ARM
		{9FF7849C-0C16-4D91-8B51-0D3AC776126C}.Debug|ARM64.ActiveCfg = Debug|ARM64
		{9FF7849C-0C16-4D91-8B51-0D3AC776126C}.Debug|ARM64.Build.0 = Debug|ARM64
		{9FF7849C-0C16-4D91-8B51-0D3AC776126C}.Debug|ARM64.Deploy.0 = Debug|ARM64
		{9FF7849C-0C16-4D91-8B51-0D3AC776126C}.Debug|x64.ActiveCfg = Debug|x64
		{9FF7849C-0C16-4D91-8B51-0D3AC776126C}.Debug|x64.Build.0 = Debug|x64
		{9FF7849C-0C16-4D91-8B51-0D3AC776126C}.Debug|x64.Deploy.0 = Debug|x64
		{9FF7849C-0C16-4D91-8B51-0D3AC776126C}.Debug|x86.ActiveCfg = Debug|x86
		{9FF7849C-0C16-4D91-8B51-0D3AC776126C}.Debug|x86.Build.0 = Debug|x86
		{9FF7849C-0C16-4D91-8B51-0D3AC776126C}.Debug|x86.Deploy.0 = Debug|x86
		{9FF7849C-0C16-4D91-8B51-0D3AC776126C}.Release|Any CPU.ActiveCfg = Release|x86
		{9FF7849C-0C16-4D91-8B51-0D3AC776126C}.Release|ARM.ActiveCfg = Release|ARM
		{9FF7849C-0C16-4D91-8B51-0D3AC776126C}.Release|ARM.Build.0 = Release|ARM
		{9FF7849C-0C16-4D91-8B51-0D3AC776126C}.Release|ARM.Deploy.0 = Release|ARM
		{9FF7849C-0C16-4D91-8B51-0D3AC776126C}.Release|ARM64.ActiveCfg = Release|ARM64
		{9FF7849C-0C16-4D91-8B51-0D3AC776126C}.Release|ARM64.Build.0 = Release|ARM64
		{9FF7849C-0C16-4D91-8B51-0D3AC776126C}.Release|ARM64.Deploy.0 = Release|ARM64
		{9FF7849C-0C16-4D91-8B51-0D3AC776126C}.Release|x64.ActiveCfg = Release|x64
		{9FF7849C-0C16-4D91-8B51-0D3AC776126C}.Release|x64.Build.0 = Release|x64
		{9FF7849C-0C16-4D91-8B51-0D3AC776126C}.Release|x64.Deploy.0 = Release|x64
		{9FF7849C-0C16-4D91-8B51-0D3AC776126C}.Release|x86.ActiveCfg = Release|x86
		{9FF7849C-0C16-4D91-8B51-0D3AC776126C}.Release|x86.Build.0 = Release|x86
		{9FF7849C-0C16-4D91-8B51-0D3AC776126C}.Release|x86.Deploy.0 = Release|x86
		{5C8009AD-8304-4989-84B3-4E0B2EA5FB73}.Debug|Any CPU.ActiveCfg = Debug|Any CPU
		{5C8009AD-8304-4989-84B3-4E0B2EA5FB73}.Debug|Any CPU.Build.0 = Debug|Any CPU
		{5C8009AD-8304-4989-84B3-4E0B2EA5FB73}.Debug|ARM.ActiveCfg = Debug|Any CPU
		{5C8009AD-8304-4989-84B3-4E0B2EA5FB73}.Debug|ARM.Build.0 = Debug|Any CPU
		{5C8009AD-8304-4989-84B3-4E0B2EA5FB73}.Debug|ARM64.ActiveCfg = Debug|Any CPU
		{5C8009AD-8304-4989-84B3-4E0B2EA5FB73}.Debug|ARM64.Build.0 = Debug|Any CPU
		{5C8009AD-8304-4989-84B3-4E0B2EA5FB73}.Debug|x64.ActiveCfg = Debug|Any CPU
		{5C8009AD-8304-4989-84B3-4E0B2EA5FB73}.Debug|x64.Build.0 = Debug|Any CPU
		{5C8009AD-8304-4989-84B3-4E0B2EA5FB73}.Debug|x86.ActiveCfg = Debug|Any CPU
		{5C8009AD-8304-4989-84B3-4E0B2EA5FB73}.Debug|x86.Build.0 = Debug|Any CPU
		{5C8009AD-8304-4989-84B3-4E0B2EA5FB73}.Release|Any CPU.ActiveCfg = Release|Any CPU
		{5C8009AD-8304-4989-84B3-4E0B2EA5FB73}.Release|Any CPU.Build.0 = Release|Any CPU
		{5C8009AD-8304-4989-84B3-4E0B2EA5FB73}.Release|ARM.ActiveCfg = Release|Any CPU
		{5C8009AD-8304-4989-84B3-4E0B2EA5FB73}.Release|ARM.Build.0 = Release|Any CPU
		{5C8009AD-8304-4989-84B3-4E0B2EA5FB73}.Release|ARM64.ActiveCfg = Release|Any CPU
		{5C8009AD-8304-4989-84B3-4E0B2EA5FB73}.Release|ARM64.Build.0 = Release|Any CPU
		{5C8009AD-8304-4989-84B3-4E0B2EA5FB73}.Release|x64.ActiveCfg = Release|Any CPU
		{5C8009AD-8304-4989-84B3-4E0B2EA5FB73}.Release|x64.Build.0 = Release|Any CPU
		{5C8009AD-8304-4989-84B3-4E0B2EA5FB73}.Release|x86.ActiveCfg = Release|Any CPU
		{5C8009AD-8304-4989-84B3-4E0B2EA5FB73}.Release|x86.Build.0 = Release|Any CPU
		{6B95A3E0-ADE8-44D3-A194-89B3C00CD8AD}.Debug|Any CPU.ActiveCfg = Debug|Any CPU
		{6B95A3E0-ADE8-44D3-A194-89B3C00CD8AD}.Debug|Any CPU.Build.0 = Debug|Any CPU
		{6B95A3E0-ADE8-44D3-A194-89B3C00CD8AD}.Debug|ARM.ActiveCfg = Debug|Any CPU
		{6B95A3E0-ADE8-44D3-A194-89B3C00CD8AD}.Debug|ARM.Build.0 = Debug|Any CPU
		{6B95A3E0-ADE8-44D3-A194-89B3C00CD8AD}.Debug|ARM64.ActiveCfg = Debug|Any CPU
		{6B95A3E0-ADE8-44D3-A194-89B3C00CD8AD}.Debug|ARM64.Build.0 = Debug|Any CPU
		{6B95A3E0-ADE8-44D3-A194-89B3C00CD8AD}.Debug|x64.ActiveCfg = Debug|Any CPU
		{6B95A3E0-ADE8-44D3-A194-89B3C00CD8AD}.Debug|x64.Build.0 = Debug|Any CPU
		{6B95A3E0-ADE8-44D3-A194-89B3C00CD8AD}.Debug|x86.ActiveCfg = Debug|Any CPU
		{6B95A3E0-ADE8-44D3-A194-89B3C00CD8AD}.Debug|x86.Build.0 = Debug|Any CPU
		{6B95A3E0-ADE8-44D3-A194-89B3C00CD8AD}.Release|Any CPU.ActiveCfg = Release|Any CPU
		{6B95A3E0-ADE8-44D3-A194-89B3C00CD8AD}.Release|Any CPU.Build.0 = Release|Any CPU
		{6B95A3E0-ADE8-44D3-A194-89B3C00CD8AD}.Release|ARM.ActiveCfg = Release|Any CPU
		{6B95A3E0-ADE8-44D3-A194-89B3C00CD8AD}.Release|ARM.Build.0 = Release|Any CPU
		{6B95A3E0-ADE8-44D3-A194-89B3C00CD8AD}.Release|ARM64.ActiveCfg = Release|Any CPU
		{6B95A3E0-ADE8-44D3-A194-89B3C00CD8AD}.Release|ARM64.Build.0 = Release|Any CPU
		{6B95A3E0-ADE8-44D3-A194-89B3C00CD8AD}.Release|x64.ActiveCfg = Release|Any CPU
		{6B95A3E0-ADE8-44D3-A194-89B3C00CD8AD}.Release|x64.Build.0 = Release|Any CPU
		{6B95A3E0-ADE8-44D3-A194-89B3C00CD8AD}.Release|x86.ActiveCfg = Release|Any CPU
		{6B95A3E0-ADE8-44D3-A194-89B3C00CD8AD}.Release|x86.Build.0 = Release|Any CPU
		{949CE688-81E5-4819-987A-56CDF8B4FE86}.Debug|Any CPU.ActiveCfg = Debug|Any CPU
		{949CE688-81E5-4819-987A-56CDF8B4FE86}.Debug|Any CPU.Build.0 = Debug|Any CPU
		{949CE688-81E5-4819-987A-56CDF8B4FE86}.Debug|ARM.ActiveCfg = Debug|ARM
		{949CE688-81E5-4819-987A-56CDF8B4FE86}.Debug|ARM.Build.0 = Debug|ARM
		{949CE688-81E5-4819-987A-56CDF8B4FE86}.Debug|ARM64.ActiveCfg = Debug|ARM64
		{949CE688-81E5-4819-987A-56CDF8B4FE86}.Debug|ARM64.Build.0 = Debug|ARM64
		{949CE688-81E5-4819-987A-56CDF8B4FE86}.Debug|x64.ActiveCfg = Debug|x64
		{949CE688-81E5-4819-987A-56CDF8B4FE86}.Debug|x64.Build.0 = Debug|x64
		{949CE688-81E5-4819-987A-56CDF8B4FE86}.Debug|x86.ActiveCfg = Debug|x86
		{949CE688-81E5-4819-987A-56CDF8B4FE86}.Debug|x86.Build.0 = Debug|x86
		{949CE688-81E5-4819-987A-56CDF8B4FE86}.Release|Any CPU.ActiveCfg = Release|Any CPU
		{949CE688-81E5-4819-987A-56CDF8B4FE86}.Release|Any CPU.Build.0 = Release|Any CPU
		{949CE688-81E5-4819-987A-56CDF8B4FE86}.Release|ARM.ActiveCfg = Release|ARM
		{949CE688-81E5-4819-987A-56CDF8B4FE86}.Release|ARM.Build.0 = Release|ARM
		{949CE688-81E5-4819-987A-56CDF8B4FE86}.Release|ARM64.ActiveCfg = Release|ARM64
		{949CE688-81E5-4819-987A-56CDF8B4FE86}.Release|ARM64.Build.0 = Release|ARM64
		{949CE688-81E5-4819-987A-56CDF8B4FE86}.Release|x64.ActiveCfg = Release|x64
		{949CE688-81E5-4819-987A-56CDF8B4FE86}.Release|x64.Build.0 = Release|x64
		{949CE688-81E5-4819-987A-56CDF8B4FE86}.Release|x86.ActiveCfg = Release|x86
		{949CE688-81E5-4819-987A-56CDF8B4FE86}.Release|x86.Build.0 = Release|x86
	EndGlobalSection
	GlobalSection(SolutionProperties) = preSolution
		HideSolutionNode = FALSE
	EndGlobalSection
	GlobalSection(ExtensibilityGlobals) = postSolution
		SolutionGuid = {A0A52FCF-C543-4EBF-BFAA-3AC5E001904E}
	EndGlobalSection
EndGlobal
